
Microsoft Visual Studio Solution File, Format Version 12.00
# Visual Studio 15
VisualStudioVersion = 15.0.27004.2009
MinimumVisualStudioVersion = 10.0.40219.1
Project("{9A19103F-16F7-4668-BE54-9A1E7A4F7556}") = "STP.Scheduler", "STP.Scheduler\STP.Scheduler.csproj", "{168A1BD6-4963-47B2-B05C-32B777A0695C}"
EndProject
Project("{FAE04EC0-301F-11D3-BF4B-00C04F79EFBC}") = "STP.Scheduler.Interface", "STP.Scheduler.Interface\STP.Scheduler.Interface.csproj", "{BE07561D-8987-4C69-A7A2-406B786E56E4}"
EndProject
Project("{FAE04EC0-301F-11D3-BF4B-00C04F79EFBC}") = "STP.Scheduler.Infrastructure", "STP.Scheduler.Infrastructure\STP.Scheduler.Infrastructure.csproj", "{E0B975FA-C7E7-42BD-8AB8-AC1065A08B27}"
EndProject
Project("{FAE04EC0-301F-11D3-BF4B-00C04F79EFBC}") = "STP.Scheduler.Domain", "STP.Scheduler.Domain\STP.Scheduler.Domain.csproj", "{955E4BBD-5F7C-4404-94F7-D1D8544B7377}"
EndProject
Global
	GlobalSection(SolutionConfigurationPlatforms) = preSolution
		Debug|Any CPU = Debug|Any CPU
		Release|Any CPU = Release|Any CPU
	EndGlobalSection
	GlobalSection(ProjectConfigurationPlatforms) = postSolution
		{168A1BD6-4963-47B2-B05C-32B777A0695C}.Debug|Any CPU.ActiveCfg = Debug|Any CPU
		{168A1BD6-4963-47B2-B05C-32B777A0695C}.Debug|Any CPU.Build.0 = Debug|Any CPU
		{168A1BD6-4963-47B2-B05C-32B777A0695C}.Release|Any CPU.ActiveCfg = Release|Any CPU
		{168A1BD6-4963-47B2-B05C-32B777A0695C}.Release|Any CPU.Build.0 = Release|Any CPU
		{BE07561D-8987-4C69-A7A2-406B786E56E4}.Debug|Any CPU.ActiveCfg = Debug|Any CPU
		{BE07561D-8987-4C69-A7A2-406B786E56E4}.Debug|Any CPU.Build.0 = Debug|Any CPU
		{BE07561D-8987-4C69-A7A2-406B786E56E4}.Release|Any CPU.ActiveCfg = Release|Any CPU
		{BE07561D-8987-4C69-A7A2-406B786E56E4}.Release|Any CPU.Build.0 = Release|Any CPU
		{E0B975FA-C7E7-42BD-8AB8-AC1065A08B27}.Debug|Any CPU.ActiveCfg = Debug|Any CPU
		{E0B975FA-C7E7-42BD-8AB8-AC1065A08B27}.Debug|Any CPU.Build.0 = Debug|Any CPU
		{E0B975FA-C7E7-42BD-8AB8-AC1065A08B27}.Release|Any CPU.ActiveCfg = Release|Any CPU
		{E0B975FA-C7E7-42BD-8AB8-AC1065A08B27}.Release|Any CPU.Build.0 = Release|Any CPU
		{955E4BBD-5F7C-4404-94F7-D1D8544B7377}.Debug|Any CPU.ActiveCfg = Debug|Any CPU
		{955E4BBD-5F7C-4404-94F7-D1D8544B7377}.Debug|Any CPU.Build.0 = Debug|Any CPU
		{955E4BBD-5F7C-4404-94F7-D1D8544B7377}.Release|Any CPU.ActiveCfg = Release|Any CPU
		{955E4BBD-5F7C-4404-94F7-D1D8544B7377}.Release|Any CPU.Build.0 = Release|Any CPU
	EndGlobalSection
	GlobalSection(SolutionProperties) = preSolution
		HideSolutionNode = FALSE
	EndGlobalSection
	GlobalSection(ExtensibilityGlobals) = postSolution
		SolutionGuid = {97361F66-643D-4A4C-B015-A9AE85A3375E}
	EndGlobalSection
EndGlobal
